// !$*UTF8*$!
{
	archiveVersion = 1;
	classes = {
	};
	objectVersion = 56;
	objects = {

/* Begin PBXBuildFile section */
		A8635BCA2E1E2AD5006BF469 /* Item.swift in Sources */ = {isa = PBXBuildFile; fileRef = A8635BC92E1E2AD5006BF469 /* Item.swift */; };
		A8635BCD2E1E3060006BF469 /* DiscountViewModel.swift in Sources */ = {isa = PBXBuildFile; fileRef = A8635BCC2E1E3060006BF469 /* DiscountViewModel.swift */; };
		A87164512E16E5AC00E644A0 /* AppDelegate.swift in Sources */ = {isa = PBXBuildFile; fileRef = A87164502E16E5AC00E644A0 /* AppDelegate.swift */; };
		A87164532E16E5AC00E644A0 /* SceneDelegate.swift in Sources */ = {isa = PBXBuildFile; fileRef = A87164522E16E5AC00E644A0 /* SceneDelegate.swift */; };
		A87164552E16E5AC00E644A0 /* ViewController.swift in Sources */ = {isa = PBXBuildFile; fileRef = A87164542E16E5AC00E644A0 /* ViewController.swift */; };
		A87164582E16E5AC00E644A0 /* Main.storyboard in Resources */ = {isa = PBXBuildFile; fileRef = A87164562E16E5AC00E644A0 /* Main.storyboard */; };
		A871645A2E16E5B300E644A0 /* Assets.xcassets in Resources */ = {isa = PBXBuildFile; fileRef = A87164592E16E5B300E644A0 /* Assets.xcassets */; };
		A871645D2E16E5B300E644A0 /* LaunchScreen.storyboard in Resources */ = {isa = PBXBuildFile; fileRef = A871645B2E16E5B300E644A0 /* LaunchScreen.storyboard */; };
		A87164682E16E5B400E644A0 /* projectDiscountTests.swift in Sources */ = {isa = PBXBuildFile; fileRef = A87164672E16E5B400E644A0 /* projectDiscountTests.swift */; };
		A87164722E16E5B400E644A0 /* projectDiscountUITests.swift in Sources */ = {isa = PBXBuildFile; fileRef = A87164712E16E5B400E644A0 /* projectDiscountUITests.swift */; };
		A87164742E16E5B400E644A0 /* projectDiscountUITestsLaunchTests.swift in Sources */ = {isa = PBXBuildFile; fileRef = A87164732E16E5B400E644A0 /* projectDiscountUITestsLaunchTests.swift */; };
		A87164832E16E91200E644A0 /* Discount.swift in Sources */ = {isa = PBXBuildFile; fileRef = A87164822E16E91200E644A0 /* Discount.swift */; };
/* End PBXBuildFile section */

/* Begin PBXContainerItemProxy section */
		A87164642E16E5B400E644A0 /* PBXContainerItemProxy */ = {
			isa = PBXContainerItemProxy;
			containerPortal = A87164452E16E5AC00E644A0 /* Project object */;
			proxyType = 1;
			remoteGlobalIDString = A871644C2E16E5AC00E644A0;
			remoteInfo = projectDiscount;
		};
		A871646E2E16E5B400E644A0 /* PBXContainerItemProxy */ = {
			isa = PBXContainerItemProxy;
			containerPortal = A87164452E16E5AC00E644A0 /* Project object */;
			proxyType = 1;
			remoteGlobalIDString = A871644C2E16E5AC00E644A0;
			remoteInfo = projectDiscount;
		};
/* End PBXContainerItemProxy section */

/* Begin PBXFileReference section */
		A8635BC92E1E2AD5006BF469 /* Item.swift */ = {isa = PBXFileReference; lastKnownFileType = sourcecode.swift; path = Item.swift; sourceTree = "<group>"; };
		A8635BCC2E1E3060006BF469 /* DiscountViewModel.swift */ = {isa = PBXFileReference; lastKnownFileType = sourcecode.swift; path = DiscountViewModel.swift; sourceTree = "<group>"; };
		A871644D2E16E5AC00E644A0 /* projectDiscount.app */ = {isa = PBXFileReference; explicitFileType = wrapper.application; includeInIndex = 0; path = projectDiscount.app; sourceTree = BUILT_PRODUCTS_DIR; };
		A87164502E16E5AC00E644A0 /* AppDelegate.swift */ = {isa = PBXFileReference; lastKnownFileType = sourcecode.swift; path = AppDelegate.swift; sourceTree = "<group>"; };
		A87164522E16E5AC00E644A0 /* SceneDelegate.swift */ = {isa = PBXFileReference; lastKnownFileType = sourcecode.swift; path = SceneDelegate.swift; sourceTree = "<group>"; };
		A87164542E16E5AC00E644A0 /* ViewController.swift */ = {isa = PBXFileReference; lastKnownFileType = sourcecode.swift; path = ViewController.swift; sourceTree = "<group>"; };
		A87164572E16E5AC00E644A0 /* Base */ = {isa = PBXFileReference; lastKnownFileType = file.storyboard; name = Base; path = Base.lproj/Main.storyboard; sourceTree = "<group>"; };
		A87164592E16E5B300E644A0 /* Assets.xcassets */ = {isa = PBXFileReference; lastKnownFileType = folder.assetcatalog; path = Assets.xcassets; sourceTree = "<group>"; };
		A871645C2E16E5B300E644A0 /* Base */ = {isa = PBXFileReference; lastKnownFileType = file.storyboard; name = Base; path = Base.lproj/LaunchScreen.storyboard; sourceTree = "<group>"; };
		A871645E2E16E5B300E644A0 /* Info.plist */ = {isa = PBXFileReference; lastKnownFileType = text.plist.xml; path = Info.plist; sourceTree = "<group>"; };
		A87164632E16E5B400E644A0 /* projectDiscountTests.xctest */ = {isa = PBXFileReference; explicitFileType = wrapper.cfbundle; includeInIndex = 0; path = projectDiscountTests.xctest; sourceTree = BUILT_PRODUCTS_DIR; };
		A87164672E16E5B400E644A0 /* projectDiscountTests.swift */ = {isa = PBXFileReference; lastKnownFileType = sourcecode.swift; path = projectDiscountTests.swift; sourceTree = "<group>"; };
		A871646D2E16E5B400E644A0 /* projectDiscountUITests.xctest */ = {isa = PBXFileReference; explicitFileType = wrapper.cfbundle; includeInIndex = 0; path = projectDiscountUITests.xctest; sourceTree = BUILT_PRODUCTS_DIR; };
		A87164712E16E5B400E644A0 /* projectDiscountUITests.swift */ = {isa = PBXFileReference; lastKnownFileType = sourcecode.swift; path = projectDiscountUITests.swift; sourceTree = "<group>"; };
		A87164732E16E5B400E644A0 /* projectDiscountUITestsLaunchTests.swift */ = {isa = PBXFileReference; lastKnownFileType = sourcecode.swift; path = projectDiscountUITestsLaunchTests.swift; sourceTree = "<group>"; };
		A87164822E16E91200E644A0 /* Discount.swift */ = {isa = PBXFileReference; lastKnownFileType = sourcecode.swift; path = Discount.swift; sourceTree = "<group>"; };
/* End PBXFileReference section */

/* Begin PBXFrameworksBuildPhase section */
		A871644A2E16E5AC00E644A0 /* Frameworks */ = {
			isa = PBXFrameworksBuildPhase;
			buildActionMask = 2147483647;
			files = (
			);
			runOnlyForDeploymentPostprocessing = 0;
		};
		A87164602E16E5B400E644A0 /* Frameworks */ = {
			isa = PBXFrameworksBuildPhase;
			buildActionMask = 2147483647;
			files = (
			);
			runOnlyForDeploymentPostprocessing = 0;
		};
		A871646A2E16E5B400E644A0 /* Frameworks */ = {
			isa = PBXFrameworksBuildPhase;
			buildActionMask = 2147483647;
			files = (
			);
			runOnlyForDeploymentPostprocessing = 0;
		};
/* End PBXFrameworksBuildPhase section */

/* Begin PBXGroup section */
		A8635BCB2E1E304E006BF469 /* ViewModel */ = {
			isa = PBXGroup;
			children = (
				A8635BCC2E1E3060006BF469 /* DiscountViewModel.swift */,
			);
			path = ViewModel;
			sourceTree = "<group>";
		};
		A87164442E16E5AC00E644A0 = {
			isa = PBXGroup;
			children = (
				A871644F2E16E5AC00E644A0 /* projectDiscount */,
				A87164662E16E5B400E644A0 /* projectDiscountTests */,
				A87164702E16E5B400E644A0 /* projectDiscountUITests */,
				A871644E2E16E5AC00E644A0 /* Products */,
			);
			sourceTree = "<group>";
		};
		A871644E2E16E5AC00E644A0 /* Products */ = {
			isa = PBXGroup;
			children = (
				A871644D2E16E5AC00E644A0 /* projectDiscount.app */,
				A87164632E16E5B400E644A0 /* projectDiscountTests.xctest */,
				A871646D2E16E5B400E644A0 /* projectDiscountUITests.xctest */,
			);
			name = Products;
			sourceTree = "<group>";
		};
		A871644F2E16E5AC00E644A0 /* projectDiscount */ = {
			isa = PBXGroup;
			children = (
				A8635BCB2E1E304E006BF469 /* ViewModel */,
				A87164812E16E8B500E644A0 /* View */,
				A87164802E16E8A400E644A0 /* Model */,
				A87164502E16E5AC00E644A0 /* AppDelegate.swift */,
				A87164522E16E5AC00E644A0 /* SceneDelegate.swift */,
				A87164542E16E5AC00E644A0 /* ViewController.swift */,
				A87164562E16E5AC00E644A0 /* Main.storyboard */,
				A87164592E16E5B300E644A0 /* Assets.xcassets */,
				A871645B2E16E5B300E644A0 /* LaunchScreen.storyboard */,
				A871645E2E16E5B300E644A0 /* Info.plist */,
			);
			path = projectDiscount;
			sourceTree = "<group>";
		};
		A87164662E16E5B400E644A0 /* projectDiscountTests */ = {
			isa = PBXGroup;
			children = (
				A87164672E16E5B400E644A0 /* projectDiscountTests.swift */,
			);
			path = projectDiscountTests;
			sourceTree = "<group>";
		};
		A87164702E16E5B400E644A0 /* projectDiscountUITests */ = {
			isa = PBXGroup;
			children = (
				A87164712E16E5B400E644A0 /* projectDiscountUITests.swift */,
				A87164732E16E5B400E644A0 /* projectDiscountUITestsLaunchTests.swift */,
			);
			path = projectDiscountUITests;
			sourceTree = "<group>";
		};
		A87164802E16E8A400E644A0 /* Model */ = {
			isa = PBXGroup;
			children = (
				A87164822E16E91200E644A0 /* Discount.swift */,
				A8635BC92E1E2AD5006BF469 /* Item.swift */,
			);
			path = Model;
			sourceTree = "<group>";
		};
		A87164812E16E8B500E644A0 /* View */ = {
			isa = PBXGroup;
			children = (
			);
			path = View;
			sourceTree = "<group>";
		};
/* End PBXGroup section */

/* Begin PBXNativeTarget section */
		A871644C2E16E5AC00E644A0 /* projectDiscount */ = {
			isa = PBXNativeTarget;
			buildConfigurationList = A87164772E16E5B400E644A0 /* Build configuration list for PBXNativeTarget "projectDiscount" */;
			buildPhases = (
				A87164492E16E5AC00E644A0 /* Sources */,
				A871644A2E16E5AC00E644A0 /* Frameworks */,
				A871644B2E16E5AC00E644A0 /* Resources */,
			);
			buildRules = (
			);
			dependencies = (
			);
			name = projectDiscount;
			productName = projectDiscount;
			productReference = A871644D2E16E5AC00E644A0 /* projectDiscount.app */;
			productType = "com.apple.product-type.application";
		};
		A87164622E16E5B400E644A0 /* projectDiscountTests */ = {
			isa = PBXNativeTarget;
			buildConfigurationList = A871647A2E16E5B400E644A0 /* Build configuration list for PBXNativeTarget "projectDiscountTests" */;
			buildPhases = (
				A871645F2E16E5B400E644A0 /* Sources */,
				A87164602E16E5B400E644A0 /* Frameworks */,
				A87164612E16E5B400E644A0 /* Resources */,
			);
			buildRules = (
			);
			dependencies = (
				A87164652E16E5B400E644A0 /* PBXTargetDependency */,
			);
			name = projectDiscountTests;
			productName = projectDiscountTests;
			productReference = A87164632E16E5B400E644A0 /* projectDiscountTests.xctest */;
			productType = "com.apple.product-type.bundle.unit-test";
		};
		A871646C2E16E5B400E644A0 /* projectDiscountUITests */ = {
			isa = PBXNativeTarget;
			buildConfigurationList = A871647D2E16E5B400E644A0 /* Build configuration list for PBXNativeTarget "projectDiscountUITests" */;
			buildPhases = (
				A87164692E16E5B400E644A0 /* Sources */,
				A871646A2E16E5B400E644A0 /* Frameworks */,
				A871646B2E16E5B400E644A0 /* Resources */,
			);
			buildRules = (
			);
			dependencies = (
				A871646F2E16E5B400E644A0 /* PBXTargetDependency */,
			);
			name = projectDiscountUITests;
			productName = projectDiscountUITests;
			productReference = A871646D2E16E5B400E644A0 /* projectDiscountUITests.xctest */;
			productType = "com.apple.product-type.bundle.ui-testing";
		};
/* End PBXNativeTarget section */

/* Begin PBXProject section */
		A87164452E16E5AC00E644A0 /* Project object */ = {
			isa = PBXProject;
			attributes = {
				BuildIndependentTargetsInParallel = 1;
				LastSwiftUpdateCheck = 1520;
				LastUpgradeCheck = 1520;
				TargetAttributes = {
					A871644C2E16E5AC00E644A0 = {
						CreatedOnToolsVersion = 15.2;
					};
					A87164622E16E5B400E644A0 = {
						CreatedOnToolsVersion = 15.2;
						TestTargetID = A871644C2E16E5AC00E644A0;
					};
					A871646C2E16E5B400E644A0 = {
						CreatedOnToolsVersion = 15.2;
						TestTargetID = A871644C2E16E5AC00E644A0;
					};
				};
			};
			buildConfigurationList = A87164482E16E5AC00E644A0 /* Build configuration list for PBXProject "projectDiscount" */;
			compatibilityVersion = "Xcode 14.0";
			developmentRegion = en;
			hasScannedForEncodings = 0;
			knownRegions = (
				en,
				Base,
			);
			mainGroup = A87164442E16E5AC00E644A0;
			productRefGroup = A871644E2E16E5AC00E644A0 /* Products */;
			projectDirPath = "";
			projectRoot = "";
			targets = (
				A871644C2E16E5AC00E644A0 /* projectDiscount */,
				A87164622E16E5B400E644A0 /* projectDiscountTests */,
				A871646C2E16E5B400E644A0 /* projectDiscountUITests */,
			);
		};
/* End PBXProject section */

/* Begin PBXResourcesBuildPhase section */
		A871644B2E16E5AC00E644A0 /* Resources */ = {
			isa = PBXResourcesBuildPhase;
			buildActionMask = 2147483647;
			files = (
				A871645D2E16E5B300E644A0 /* LaunchScreen.storyboard in Resources */,
				A871645A2E16E5B300E644A0 /* Assets.xcassets in Resources */,
				A87164582E16E5AC00E644A0 /* Main.storyboard in Resources */,
			);
			runOnlyForDeploymentPostprocessing = 0;
		};
		A87164612E16E5B400E644A0 /* Resources */ = {
			isa = PBXResourcesBuildPhase;
			buildActionMask = 2147483647;
			files = (
			);
			runOnlyForDeploymentPostprocessing = 0;
		};
		A871646B2E16E5B400E644A0 /* Resources */ = {
			isa = PBXResourcesBuildPhase;
			buildActionMask = 2147483647;
			files = (
			);
			runOnlyForDeploymentPostprocessing = 0;
		};
/* End PBXResourcesBuildPhase section */

/* Begin PBXSourcesBuildPhase section */
		A87164492E16E5AC00E644A0 /* Sources */ = {
			isa = PBXSourcesBuildPhase;
			buildActionMask = 2147483647;
			files = (
				A8635BCA2E1E2AD5006BF469 /* Item.swift in Sources */,
				A87164832E16E91200E644A0 /* Discount.swift in Sources */,
				A87164552E16E5AC00E644A0 /* ViewController.swift in Sources */,
				A87164512E16E5AC00E644A0 /* AppDelegate.swift in Sources */,
				A87164532E16E5AC00E644A0 /* SceneDelegate.swift in Sources */,
				A8635BCD2E1E3060006BF469 /* DiscountViewModel.swift in Sources */,
			);
			runOnlyForDeploymentPostprocessing = 0;
		};
		A871645F2E16E5B400E644A0 /* Sources */ = {
			isa = PBXSourcesBuildPhase;
			buildActionMask = 2147483647;
			files = (
				A87164682E16E5B400E644A0 /* projectDiscountTests.swift in Sources */,
			);
			runOnlyForDeploymentPostprocessing = 0;
		};
		A87164692E16E5B400E644A0 /* Sources */ = {
			isa = PBXSourcesBuildPhase;
			buildActionMask = 2147483647;
			files = (
				A87164722E16E5B400E644A0 /* projectDiscountUITests.swift in Sources */,
				A87164742E16E5B400E644A0 /* projectDiscountUITestsLaunchTests.swift in Sources */,
			);
			runOnlyForDeploymentPostprocessing = 0;
		};
/* End PBXSourcesBuildPhase section */

/* Begin PBXTargetDependency section */
		A87164652E16E5B400E644A0 /* PBXTargetDependency */ = {
			isa = PBXTargetDependency;
			target = A871644C2E16E5AC00E644A0 /* projectDiscount */;
			targetProxy = A87164642E16E5B400E644A0 /* PBXContainerItemProxy */;
		};
		A871646F2E16E5B400E644A0 /* PBXTargetDependency */ = {
			isa = PBXTargetDependency;
			target = A871644C2E16E5AC00E644A0 /* projectDiscount */;
			targetProxy = A871646E2E16E5B400E644A0 /* PBXContainerItemProxy */;
		};
/* End PBXTargetDependency section */

/* Begin PBXVariantGroup section */
		A87164562E16E5AC00E644A0 /* Main.storyboard */ = {
			isa = PBXVariantGroup;
			children = (
				A87164572E16E5AC00E644A0 /* Base */,
			);
			name = Main.storyboard;
			sourceTree = "<group>";
		};
		A871645B2E16E5B300E644A0 /* LaunchScreen.storyboard */ = {
			isa = PBXVariantGroup;
			children = (
				A871645C2E16E5B300E644A0 /* Base */,
			);
			name = LaunchScreen.storyboard;
			sourceTree = "<group>";
		};
/* End PBXVariantGroup section */

/* Begin XCBuildConfiguration section */
		A87164752E16E5B400E644A0 /* Debug */ = {
			isa = XCBuildConfiguration;
			buildSettings = {
				ALWAYS_SEARCH_USER_PATHS = NO;
				ASSETCATALOG_COMPILER_GENERATE_SWIFT_ASSET_SYMBOL_EXTENSIONS = YES;
				CLANG_ANALYZER_NONNULL = YES;
				CLANG_ANALYZER_NUMBER_OBJECT_CONVERSION = YES_AGGRESSIVE;
				CLANG_CXX_LANGUAGE_STANDARD = "gnu++20";
				CLANG_ENABLE_MODULES = YES;
				CLANG_ENABLE_OBJC_ARC = YES;
				CLANG_ENABLE_OBJC_WEAK = YES;
				CLANG_WARN_BLOCK_CAPTURE_AUTORELEASING = YES;
				CLANG_WARN_BOOL_CONVERSION = YES;
				CLANG_WARN_COMMA = YES;
				CLANG_WARN_CONSTANT_CONVERSION = YES;
				CLANG_WARN_DEPRECATED_OBJC_IMPLEMENTATIONS = YES;
				CLANG_WARN_DIRECT_OBJC_ISA_USAGE = YES_ERROR;
				CLANG_WARN_DOCUMENTATION_COMMENTS = YES;
				CLANG_WARN_EMPTY_BODY = YES;
				CLANG_WARN_ENUM_CONVERSION = YES;
				CLANG_WARN_INFINITE_RECURSION = YES;
				CLANG_WARN_INT_CONVERSION = YES;
				CLANG_WARN_NON_LITERAL_NULL_CONVERSION = YES;
				CLANG_WARN_OBJC_IMPLICIT_RETAIN_SELF = YES;
				CLANG_WARN_OBJC_LITERAL_CONVERSION = YES;
				CLANG_WARN_OBJC_ROOT_CLASS = YES_ERROR;
				CLANG_WARN_QUOTED_INCLUDE_IN_FRAMEWORK_HEADER = YES;
				CLANG_WARN_RANGE_LOOP_ANALYSIS = YES;
				CLANG_WARN_STRICT_PROTOTYPES = YES;
				CLANG_WARN_SUSPICIOUS_MOVE = YES;
				CLANG_WARN_UNGUARDED_AVAILABILITY = YES_AGGRESSIVE;
				CLANG_WARN_UNREACHABLE_CODE = YES;
				CLANG_WARN__DUPLICATE_METHOD_MATCH = YES;
				COPY_PHASE_STRIP = NO;
				DEBUG_INFORMATION_FORMAT = dwarf;
				ENABLE_STRICT_OBJC_MSGSEND = YES;
				ENABLE_TESTABILITY = YES;
				ENABLE_USER_SCRIPT_SANDBOXING = YES;
				GCC_C_LANGUAGE_STANDARD = gnu17;
				GCC_DYNAMIC_NO_PIC = NO;
				GCC_NO_COMMON_BLOCKS = YES;
				GCC_OPTIMIZATION_LEVEL = 0;
				GCC_PREPROCESSOR_DEFINITIONS = (
					"DEBUG=1",
					"$(inherited)",
				);
				GCC_WARN_64_TO_32_BIT_CONVERSION = YES;
				GCC_WARN_ABOUT_RETURN_TYPE = YES_ERROR;
				GCC_WARN_UNDECLARED_SELECTOR = YES;
				GCC_WARN_UNINITIALIZED_AUTOS = YES_AGGRESSIVE;
				GCC_WARN_UNUSED_FUNCTION = YES;
				GCC_WARN_UNUSED_VARIABLE = YES;
				IPHONEOS_DEPLOYMENT_TARGET = 17.2;
				LOCALIZATION_PREFERS_STRING_CATALOGS = YES;
				MTL_ENABLE_DEBUG_INFO = INCLUDE_SOURCE;
				MTL_FAST_MATH = YES;
				ONLY_ACTIVE_ARCH = YES;
				SDKROOT = iphoneos;
				SWIFT_ACTIVE_COMPILATION_CONDITIONS = "DEBUG $(inherited)";
				SWIFT_OPTIMIZATION_LEVEL = "-Onone";
			};
			name = Debug;
		};
		A87164762E16E5B400E644A0 /* Release */ = {
			isa = XCBuildConfiguration;
			buildSettings = {
				ALWAYS_SEARCH_USER_PATHS = NO;
				ASSETCATALOG_COMPILER_GENERATE_SWIFT_ASSET_SYMBOL_EXTENSIONS = YES;
				CLANG_ANALYZER_NONNULL = YES;
				CLANG_ANALYZER_NUMBER_OBJECT_CONVERSION = YES_AGGRESSIVE;
				CLANG_CXX_LANGUAGE_STANDARD = "gnu++20";
				CLANG_ENABLE_MODULES = YES;
				CLANG_ENABLE_OBJC_ARC = YES;
				CLANG_ENABLE_OBJC_WEAK = YES;
				CLANG_WARN_BLOCK_CAPTURE_AUTORELEASING = YES;
				CLANG_WARN_BOOL_CONVERSION = YES;
				CLANG_WARN_COMMA = YES;
				CLANG_WARN_CONSTANT_CONVERSION = YES;
				CLANG_WARN_DEPRECATED_OBJC_IMPLEMENTATIONS = YES;
				CLANG_WARN_DIRECT_OBJC_ISA_USAGE = YES_ERROR;
				CLANG_WARN_DOCUMENTATION_COMMENTS = YES;
				CLANG_WARN_EMPTY_BODY = YES;
				CLANG_WARN_ENUM_CONVERSION = YES;
				CLANG_WARN_INFINITE_RECURSION = YES;
				CLANG_WARN_INT_CONVERSION = YES;
				CLANG_WARN_NON_LITERAL_NULL_CONVERSION = YES;
				CLANG_WARN_OBJC_IMPLICIT_RETAIN_SELF = YES;
				CLANG_WARN_OBJC_LITERAL_CONVERSION = YES;
				CLANG_WARN_OBJC_ROOT_CLASS = YES_ERROR;
				CLANG_WARN_QUOTED_INCLUDE_IN_FRAMEWORK_HEADER = YES;
				CLANG_WARN_RANGE_LOOP_ANALYSIS = YES;
				CLANG_WARN_STRICT_PROTOTYPES = YES;
				CLANG_WARN_SUSPICIOUS_MOVE = YES;
				CLANG_WARN_UNGUARDED_AVAILABILITY = YES_AGGRESSIVE;
				CLANG_WARN_UNREACHABLE_CODE = YES;
				CLANG_WARN__DUPLICATE_METHOD_MATCH = YES;
				COPY_PHASE_STRIP = NO;
				DEBUG_INFORMATION_FORMAT = "dwarf-with-dsym";
				ENABLE_NS_ASSERTIONS = NO;
				ENABLE_STRICT_OBJC_MSGSEND = YES;
				ENABLE_USER_SCRIPT_SANDBOXING = YES;
				GCC_C_LANGUAGE_STANDARD = gnu17;
				GCC_NO_COMMON_BLOCKS = YES;
				GCC_WARN_64_TO_32_BIT_CONVERSION = YES;
				GCC_WARN_ABOUT_RETURN_TYPE = YES_ERROR;
				GCC_WARN_UNDECLARED_SELECTOR = YES;
				GCC_WARN_UNINITIALIZED_AUTOS = YES_AGGRESSIVE;
				GCC_WARN_UNUSED_FUNCTION = YES;
				GCC_WARN_UNUSED_VARIABLE = YES;
				IPHONEOS_DEPLOYMENT_TARGET = 17.2;
				LOCALIZATION_PREFERS_STRING_CATALOGS = YES;
				MTL_ENABLE_DEBUG_INFO = NO;
				MTL_FAST_MATH = YES;
				SDKROOT = iphoneos;
				SWIFT_COMPILATION_MODE = wholemodule;
				VALIDATE_PRODUCT = YES;
			};
			name = Release;
		};
		A87164782E16E5B400E644A0 /* Debug */ = {
			isa = XCBuildConfiguration;
			buildSettings = {
				ASSETCATALOG_COMPILER_APPICON_NAME = AppIcon;
				ASSETCATALOG_COMPILER_GLOBAL_ACCENT_COLOR_NAME = AccentColor;
				CODE_SIGN_STYLE = Automatic;
				CURRENT_PROJECT_VERSION = 1;
				DEVELOPMENT_TEAM = S57Y2568RA;
				GENERATE_INFOPLIST_FILE = YES;
				INFOPLIST_FILE = projectDiscount/Info.plist;
				INFOPLIST_KEY_UIApplicationSupportsIndirectInputEvents = YES;
				INFOPLIST_KEY_UILaunchStoryboardName = LaunchScreen;
				INFOPLIST_KEY_UIMainStoryboardFile = Main;
				INFOPLIST_KEY_UISupportedInterfaceOrientations_iPad = "UIInterfaceOrientationPortrait UIInterfaceOrientationPortraitUpsideDown UIInterfaceOrientationLandscapeLeft UIInterfaceOrientationLandscapeRight";
				INFOPLIST_KEY_UISupportedInterfaceOrientations_iPhone = "UIInterfaceOrientationPortrait UIInterfaceOrientationLandscapeLeft UIInterfaceOrientationLandscapeRight";
				IPHONEOS_DEPLOYMENT_TARGET = 15.4;
				LD_RUNPATH_SEARCH_PATHS = (
					"$(inherited)",
					"@executable_path/Frameworks",
				);
				MARKETING_VERSION = 1.0;
				PRODUCT_BUNDLE_IDENTIFIER = snogreen.projectDiscount;
				PRODUCT_NAME = "$(TARGET_NAME)";
				SWIFT_EMIT_LOC_STRINGS = YES;
				SWIFT_VERSION = 5.0;
				TARGETED_DEVICE_FAMILY = "1,2";
			};
			name = Debug;
		};
		A87164792E16E5B400E644A0 /* Release */ = {
			isa = XCBuildConfiguration;
			buildSettings = {
				ASSETCATALOG_COMPILER_APPICON_NAME = AppIcon;
				ASSETCATALOG_COMPILER_GLOBAL_ACCENT_COLOR_NAME = AccentColor;
				CODE_SIGN_STYLE = Automatic;
				CURRENT_PROJECT_VERSION = 1;
				DEVELOPMENT_TEAM = S57Y2568RA;
				GENERATE_INFOPLIST_FILE = YES;
				INFOPLIST_FILE = projectDiscount/Info.plist;
				INFOPLIST_KEY_UIApplicationSupportsIndirectInputEvents = YES;
				INFOPLIST_KEY_UILaunchStoryboardName = LaunchScreen;
				INFOPLIST_KEY_UIMainStoryboardFile = Main;
				INFOPLIST_KEY_UISupportedInterfaceOrientations_iPad = "UIInterfaceOrientationPortrait UIInterfaceOrientationPortraitUpsideDown UIInterfaceOrientationLandscapeLeft UIInterfaceOrientationLandscapeRight";
				INFOPLIST_KEY_UISupportedInterfaceOrientations_iPhone = "UIInterfaceOrientationPortrait UIInterfaceOrientationLandscapeLeft UIInterfaceOrientationLandscapeRight";
				IPHONEOS_DEPLOYMENT_TARGET = 15.4;
				LD_RUNPATH_SEARCH_PATHS = (
					"$(inherited)",
					"@executable_path/Frameworks",
				);
				MARKETING_VERSION = 1.0;
				PRODUCT_BUNDLE_IDENTIFIER = snogreen.projectDiscount;
				PRODUCT_NAME = "$(TARGET_NAME)";
				SWIFT_EMIT_LOC_STRINGS = YES;
				SWIFT_VERSION = 5.0;
				TARGETED_DEVICE_FAMILY = "1,2";
			};
			name = Release;
		};
		A871647B2E16E5B400E644A0 /* Debug */ = {
			isa = XCBuildConfiguration;
			buildSettings = {
				ALWAYS_EMBED_SWIFT_STANDARD_LIBRARIES = YES;
				BUNDLE_LOADER = "$(TEST_HOST)";
				CODE_SIGN_STYLE = Automatic;
				CURRENT_PROJECT_VERSION = 1;
				DEVELOPMENT_TEAM = S57Y2568RA;
				GENERATE_INFOPLIST_FILE = YES;
				IPHONEOS_DEPLOYMENT_TARGET = 17.2;
				MARKETING_VERSION = 1.0;
				PRODUCT_BUNDLE_IDENTIFIER = snogreen.projectDiscountTests;
				PRODUCT_NAME = "$(TARGET_NAME)";
				SWIFT_EMIT_LOC_STRINGS = NO;
				SWIFT_VERSION = 5.0;
				TARGETED_DEVICE_FAMILY = "1,2";
				TEST_HOST = "$(BUILT_PRODUCTS_DIR)/projectDiscount.app/$(BUNDLE_EXECUTABLE_FOLDER_PATH)/projectDiscount";
			};
			name = Debug;
		};
		A871647C2E16E5B400E644A0 /* Release */ = {
			isa = XCBuildConfiguration;
			buildSettings = {
				ALWAYS_EMBED_SWIFT_STANDARD_LIBRARIES = YES;
				BUNDLE_LOADER = "$(TEST_HOST)";
				CODE_SIGN_STYLE = Automatic;
				CURRENT_PROJECT_VERSION = 1;
				DEVELOPMENT_TEAM = S57Y2568RA;
				GENERATE_INFOPLIST_FILE = YES;
				IPHONEOS_DEPLOYMENT_TARGET = 17.2;
				MARKETING_VERSION = 1.0;
				PRODUCT_BUNDLE_IDENTIFIER = snogreen.projectDiscountTests;
				PRODUCT_NAME = "$(TARGET_NAME)";
				SWIFT_EMIT_LOC_STRINGS = NO;
				SWIFT_VERSION = 5.0;
				TARGETED_DEVICE_FAMILY = "1,2";
				TEST_HOST = "$(BUILT_PRODUCTS_DIR)/projectDiscount.app/$(BUNDLE_EXECUTABLE_FOLDER_PATH)/projectDiscount";
			};
			name = Release;
		};
		A871647E2E16E5B400E644A0 /* Debug */ = {
			isa = XCBuildConfiguration;
			buildSettings = {
				ALWAYS_EMBED_SWIFT_STANDARD_LIBRARIES = YES;
				CODE_SIGN_STYLE = Automatic;
				CURRENT_PROJECT_VERSION = 1;
				DEVELOPMENT_TEAM = S57Y2568RA;
				GENERATE_INFOPLIST_FILE = YES;
				MARKETING_VERSION = 1.0;
				PRODUCT_BUNDLE_IDENTIFIER = snogreen.projectDiscountUITests;
				PRODUCT_NAME = "$(TARGET_NAME)";
				SWIFT_EMIT_LOC_STRINGS = NO;
				SWIFT_VERSION = 5.0;
				TARGETED_DEVICE_FAMILY = "1,2";
				TEST_TARGET_NAME = projectDiscount;
			};
			name = Debug;
		};
		A871647F2E16E5B400E644A0 /* Release */ = {
			isa = XCBuildConfiguration;
			buildSettings = {
				ALWAYS_EMBED_SWIFT_STANDARD_LIBRARIES = YES;
				CODE_SIGN_STYLE = Automatic;
				CURRENT_PROJECT_VERSION = 1;
				DEVELOPMENT_TEAM = S57Y2568RA;
				GENERATE_INFOPLIST_FILE = YES;
				MARKETING_VERSION = 1.0;
				PRODUCT_BUNDLE_IDENTIFIER = snogreen.projectDiscountUITests;
				PRODUCT_NAME = "$(TARGET_NAME)";
				SWIFT_EMIT_LOC_STRINGS = NO;
				SWIFT_VERSION = 5.0;
				TARGETED_DEVICE_FAMILY = "1,2";
				TEST_TARGET_NAME = projectDiscount;
			};
			name = Release;
		};
/* End XCBuildConfiguration section */

/* Begin XCConfigurationList section */
		A87164482E16E5AC00E644A0 /* Build configuration list for PBXProject "projectDiscount" */ = {
			isa = XCConfigurationList;
			buildConfigurations = (
				A87164752E16E5B400E644A0 /* Debug */,
				A87164762E16E5B400E644A0 /* Release */,
			);
			defaultConfigurationIsVisible = 0;
			defaultConfigurationName = Release;
		};
		A87164772E16E5B400E644A0 /* Build configuration list for PBXNativeTarget "projectDiscount" */ = {
			isa = XCConfigurationList;
			buildConfigurations = (
				A87164782E16E5B400E644A0 /* Debug */,
				A87164792E16E5B400E644A0 /* Release */,
			);
			defaultConfigurationIsVisible = 0;
			defaultConfigurationName = Release;
		};
		A871647A2E16E5B400E644A0 /* Build configuration list for PBXNativeTarget "projectDiscountTests" */ = {
			isa = XCConfigurationList;
			buildConfigurations = (
				A871647B2E16E5B400E644A0 /* Debug */,
				A871647C2E16E5B400E644A0 /* Release */,
			);
			defaultConfigurationIsVisible = 0;
			defaultConfigurationName = Release;
		};
		A871647D2E16E5B400E644A0 /* Build configuration list for PBXNativeTarget "projectDiscountUITests" */ = {
			isa = XCConfigurationList;
			buildConfigurations = (
				A871647E2E16E5B400E644A0 /* Debug */,
				A871647F2E16E5B400E644A0 /* Release */,
			);
			defaultConfigurationIsVisible = 0;
			defaultConfigurationName = Release;
		};
/* End XCConfigurationList section */
	};
	rootObject = A87164452E16E5AC00E644A0 /* Project object */;
}
